FORGE
  remote: https://forgeapi.puppetlabs.com
  specs:
    artberri-nvm (0.1.0)
      puppetlabs-stdlib (>= 1.0.0)
    puppetlabs-apt (2.2.0)
      puppetlabs-stdlib (< 5.0.0, >= 4.5.0)
    puppetlabs-stdlib (4.15.0)

PATH
  remote: ./puppet-modules/devenv
  specs:
    berri-devenv (0.0.1)

DEPENDENCIES
  artberri-nvm (= 0.1.0)
  berri-devenv (= 0.0.1)
  puppetlabs-apt (= 2.2.0)
  puppetlabs-stdlib (= 4.15.0)

