FORGE
  remote: https://forgeapi.puppetlabs.com
  specs:
    darin-zypprepo (1.0.2)
    example42-puppi (2.1.12)
    example42-yum (2.1.24)
      example42-puppi (>= 2.0.0)
    golja-gnupg (1.2.1)
    maestrodev-rvm (1.12.1)
      golja-gnupg (>= 1.2.0)
      puppetlabs-stdlib (>= 4.2.0)
    maestrodev-wget (1.7.1)
    mayflower-php (3.4.2)
      darin-zypprepo (~> 1.0)
      example42-yum (~> 2.0)
      puppetlabs-apt (< 3.0.0, >= 1.0.0)
      puppetlabs-inifile (~> 1.0)
      puppetlabs-stdlib (< 5.0.0, >= 4.2.0)
    nanliu-staging (1.0.3)
    proletaryo-nvm_nodejs (0.3.1)
    puppetlabs-apache (1.6.0)
      puppetlabs-concat (< 2.0.0, >= 1.1.1)
      puppetlabs-stdlib (< 5.0.0, >= 2.4.0)
    puppetlabs-apt (2.2.0)
      puppetlabs-stdlib (< 5.0.0, >= 4.5.0)
    puppetlabs-concat (1.2.4)
      puppetlabs-stdlib (< 5.0.0, >= 3.2.0)
    puppetlabs-inifile (1.4.2)
    puppetlabs-mysql (3.6.1)
      nanliu-staging (< 2.0.0, >= 1.0.1)
      puppetlabs-stdlib (< 5.0.0, >= 3.2.0)
    puppetlabs-stdlib (4.9.0)
    tylerwalts-jdk_oracle (1.4.0)

GIT
  remote: git://github.com/artberri/puppet-android.git
  ref: master
  sha: f5c0ce31f155f1063433338db99f8c03ff3dd2bd
  specs:
    maestrodev-android (1.2.1)
      maestrodev-wget (>= 1.0.0)
      puppetlabs-stdlib (>= 3.2.0)

GIT
  remote: git://github.com/artberri/puppet-mariadbrepo.git
  ref: master
  sha: 70e5aca62d51ac450d1834c675659a6320f2eb2d
  specs:
    yguenane-mariadbrepo (0.2.1)
      puppetlabs-apt (>= 2.0.0)
      puppetlabs-stdlib (< 5.0.0, >= 3.2.1)

PATH
  remote: ./puppet-modules/devenv
  specs:
    berri-devenv (0.0.1)

DEPENDENCIES
  berri-devenv (= 0.0.1)
  maestrodev-android (>= 0)
  maestrodev-rvm (= 1.12.1)
  mayflower-php (= 3.4.2)
  proletaryo-nvm_nodejs (= 0.3.1)
  puppetlabs-apache (= 1.6.0)
  puppetlabs-apt (= 2.2.0)
  puppetlabs-mysql (= 3.6.1)
  puppetlabs-stdlib (= 4.9.0)
  tylerwalts-jdk_oracle (= 1.4.0)
  yguenane-mariadbrepo (>= 0)

